
Microsoft Visual Studio Solution File, Format Version 12.00
Project("{FAE04EC0-301F-11D3-BF4B-00C04F79EFBC}") = "mybooking", "mybooking\mybooking.csproj", "{41270BA1-55F0-4977-AD53-D10D282EC485}"
EndProject
Project("{FAE04EC0-301F-11D3-BF4B-00C04F79EFBC}") = "mybooking.domain", "mybooking.domain\mybooking.domain.csproj", "{010A8750-BE8A-4EE6-A76B-4E385581817E}"
EndProject
Global
	GlobalSection(SolutionConfigurationPlatforms) = preSolution
		Debug|Any CPU = Debug|Any CPU
		Release|Any CPU = Release|Any CPU
	EndGlobalSection
	GlobalSection(ProjectConfigurationPlatforms) = postSolution
		{41270BA1-55F0-4977-AD53-D10D282EC485}.Debug|Any CPU.ActiveCfg = Debug|Any CPU
		{41270BA1-55F0-4977-AD53-D10D282EC485}.Debug|Any CPU.Build.0 = Debug|Any CPU
		{41270BA1-55F0-4977-AD53-D10D282EC485}.Release|Any CPU.ActiveCfg = Release|Any CPU
		{41270BA1-55F0-4977-AD53-D10D282EC485}.Release|Any CPU.Build.0 = Release|Any CPU
		{010A8750-BE8A-4EE6-A76B-4E385581817E}.Debug|Any CPU.ActiveCfg = Debug|Any CPU
		{010A8750-BE8A-4EE6-A76B-4E385581817E}.Debug|Any CPU.Build.0 = Debug|Any CPU
		{010A8750-BE8A-4EE6-A76B-4E385581817E}.Release|Any CPU.ActiveCfg = Release|Any CPU
		{010A8750-BE8A-4EE6-A76B-4E385581817E}.Release|Any CPU.Build.0 = Release|Any CPU
	EndGlobalSection
EndGlobal
